
Microsoft Visual Studio Solution File, Format Version 12.00
# Visual Studio Version 16
VisualStudioVersion = 16.0.32126.315
MinimumVisualStudioVersion = 10.0.40219.1
Project("{8BC9CEB8-8B4A-11D0-8D11-00A0C91BC942}") = "GFSDK_VXGI_Sample_AmbientOcclusion", "AmbientOcclusion\GFSDK_VXGI_Sample_AmbientOcclusion_2015.vcxproj", "{0C9BD536-0E1B-4A43-B741-1D450A680E42}"
	ProjectSection(ProjectDependencies) = postProject
		{6B33CC18-5A72-4D8A-BFBE-0BDC21891443} = {6B33CC18-5A72-4D8A-BFBE-0BDC21891443}
	EndProjectSection
EndProject
Project("{8BC9CEB8-8B4A-11D0-8D11-00A0C91BC942}") = "GFSDK_VXGI_Sample_GlobalIllumination", "GlobalIllumination\GFSDK_VXGI_Sample_GlobalIllumination_2015.vcxproj", "{F1FEA0BC-1B34-4D3D-9A20-B5B5F627CA0E}"
	ProjectSection(ProjectDependencies) = postProject
		{6B33CC18-5A72-4D8A-BFBE-0BDC21891443} = {6B33CC18-5A72-4D8A-BFBE-0BDC21891443}
	EndProjectSection
EndProject
Project("{8BC9CEB8-8B4A-11D0-8D11-00A0C91BC942}") = "GFSDK_VXGI_Sample_AreaLighting", "AreaLighting\GFSDK_VXGI_Sample_AreaLighting_2015.vcxproj", "{E98E5BF4-02D8-4829-BBF8-0D594ED7923A}"
	ProjectSection(ProjectDependencies) = postProject
		{6B33CC18-5A72-4D8A-BFBE-0BDC21891443} = {6B33CC18-5A72-4D8A-BFBE-0BDC21891443}
	EndProjectSection
EndProject
Project("{8BC9CEB8-8B4A-11D0-8D11-00A0C91BC942}") = "d3dcompiler_hook", "d3dcompiler_hook\d3dcompiler_hook.vcxproj", "{6B33CC18-5A72-4D8A-BFBE-0BDC21891443}"
EndProject
Global
	GlobalSection(SolutionConfigurationPlatforms) = preSolution
		Debug-D3D11|Win32 = Debug-D3D11|Win32
		Debug-D3D11|x64 = Debug-D3D11|x64
		Debug-D3D12|Win32 = Debug-D3D12|Win32
		Debug-D3D12|x64 = Debug-D3D12|x64
		Release-D3D11|Win32 = Release-D3D11|Win32
		Release-D3D11|x64 = Release-D3D11|x64
		Release-D3D12|Win32 = Release-D3D12|Win32
		Release-D3D12|x64 = Release-D3D12|x64
	EndGlobalSection
	GlobalSection(ProjectConfigurationPlatforms) = postSolution
		{0C9BD536-0E1B-4A43-B741-1D450A680E42}.Debug-D3D11|Win32.ActiveCfg = Debug-D3D11|Win32
		{0C9BD536-0E1B-4A43-B741-1D450A680E42}.Debug-D3D11|Win32.Build.0 = Debug-D3D11|Win32
		{0C9BD536-0E1B-4A43-B741-1D450A680E42}.Debug-D3D11|x64.ActiveCfg = Debug-D3D11|x64
		{0C9BD536-0E1B-4A43-B741-1D450A680E42}.Debug-D3D11|x64.Build.0 = Debug-D3D11|x64
		{0C9BD536-0E1B-4A43-B741-1D450A680E42}.Debug-D3D12|Win32.ActiveCfg = Debug-D3D12|Win32
		{0C9BD536-0E1B-4A43-B741-1D450A680E42}.Debug-D3D12|Win32.Build.0 = Debug-D3D12|Win32
		{0C9BD536-0E1B-4A43-B741-1D450A680E42}.Debug-D3D12|x64.ActiveCfg = Debug-D3D12|x64
		{0C9BD536-0E1B-4A43-B741-1D450A680E42}.Debug-D3D12|x64.Build.0 = Debug-D3D12|x64
		{0C9BD536-0E1B-4A43-B741-1D450A680E42}.Release-D3D11|Win32.ActiveCfg = Release-D3D11|Win32
		{0C9BD536-0E1B-4A43-B741-1D450A680E42}.Release-D3D11|Win32.Build.0 = Release-D3D11|Win32
		{0C9BD536-0E1B-4A43-B741-1D450A680E42}.Release-D3D11|x64.ActiveCfg = Release-D3D11|x64
		{0C9BD536-0E1B-4A43-B741-1D450A680E42}.Release-D3D11|x64.Build.0 = Release-D3D11|x64
		{0C9BD536-0E1B-4A43-B741-1D450A680E42}.Release-D3D12|Win32.ActiveCfg = Release-D3D12|Win32
		{0C9BD536-0E1B-4A43-B741-1D450A680E42}.Release-D3D12|Win32.Build.0 = Release-D3D12|Win32
		{0C9BD536-0E1B-4A43-B741-1D450A680E42}.Release-D3D12|x64.ActiveCfg = Release-D3D12|x64
		{0C9BD536-0E1B-4A43-B741-1D450A680E42}.Release-D3D12|x64.Build.0 = Release-D3D12|x64
		{F1FEA0BC-1B34-4D3D-9A20-B5B5F627CA0E}.Debug-D3D11|Win32.ActiveCfg = Debug-D3D11|Win32
		{F1FEA0BC-1B34-4D3D-9A20-B5B5F627CA0E}.Debug-D3D11|Win32.Build.0 = Debug-D3D11|Win32
		{F1FEA0BC-1B34-4D3D-9A20-B5B5F627CA0E}.Debug-D3D11|x64.ActiveCfg = Debug-D3D11|x64
		{F1FEA0BC-1B34-4D3D-9A20-B5B5F627CA0E}.Debug-D3D11|x64.Build.0 = Debug-D3D11|x64
		{F1FEA0BC-1B34-4D3D-9A20-B5B5F627CA0E}.Debug-D3D12|Win32.ActiveCfg = Debug-D3D12|Win32
		{F1FEA0BC-1B34-4D3D-9A20-B5B5F627CA0E}.Debug-D3D12|Win32.Build.0 = Debug-D3D12|Win32
		{F1FEA0BC-1B34-4D3D-9A20-B5B5F627CA0E}.Debug-D3D12|x64.ActiveCfg = Debug-D3D12|x64
		{F1FEA0BC-1B34-4D3D-9A20-B5B5F627CA0E}.Debug-D3D12|x64.Build.0 = Debug-D3D12|x64
		{F1FEA0BC-1B34-4D3D-9A20-B5B5F627CA0E}.Release-D3D11|Win32.ActiveCfg = Release-D3D11|Win32
		{F1FEA0BC-1B34-4D3D-9A20-B5B5F627CA0E}.Release-D3D11|Win32.Build.0 = Release-D3D11|Win32
		{F1FEA0BC-1B34-4D3D-9A20-B5B5F627CA0E}.Release-D3D11|x64.ActiveCfg = Release-D3D11|x64
		{F1FEA0BC-1B34-4D3D-9A20-B5B5F627CA0E}.Release-D3D11|x64.Build.0 = Release-D3D11|x64
		{F1FEA0BC-1B34-4D3D-9A20-B5B5F627CA0E}.Release-D3D12|Win32.ActiveCfg = Release-D3D12|Win32
		{F1FEA0BC-1B34-4D3D-9A20-B5B5F627CA0E}.Release-D3D12|Win32.Build.0 = Release-D3D12|Win32
		{F1FEA0BC-1B34-4D3D-9A20-B5B5F627CA0E}.Release-D3D12|x64.ActiveCfg = Release-D3D12|x64
		{F1FEA0BC-1B34-4D3D-9A20-B5B5F627CA0E}.Release-D3D12|x64.Build.0 = Release-D3D12|x64
		{E98E5BF4-02D8-4829-BBF8-0D594ED7923A}.Debug-D3D11|Win32.ActiveCfg = Debug-D3D11|Win32
		{E98E5BF4-02D8-4829-BBF8-0D594ED7923A}.Debug-D3D11|Win32.Build.0 = Debug-D3D11|Win32
		{E98E5BF4-02D8-4829-BBF8-0D594ED7923A}.Debug-D3D11|x64.ActiveCfg = Debug-D3D11|x64
		{E98E5BF4-02D8-4829-BBF8-0D594ED7923A}.Debug-D3D11|x64.Build.0 = Debug-D3D11|x64
		{E98E5BF4-02D8-4829-BBF8-0D594ED7923A}.Debug-D3D12|Win32.ActiveCfg = Debug-D3D12|Win32
		{E98E5BF4-02D8-4829-BBF8-0D594ED7923A}.Debug-D3D12|Win32.Build.0 = Debug-D3D12|Win32
		{E98E5BF4-02D8-4829-BBF8-0D594ED7923A}.Debug-D3D12|x64.ActiveCfg = Debug-D3D12|x64
		{E98E5BF4-02D8-4829-BBF8-0D594ED7923A}.Debug-D3D12|x64.Build.0 = Debug-D3D12|x64
		{E98E5BF4-02D8-4829-BBF8-0D594ED7923A}.Release-D3D11|Win32.ActiveCfg = Release-D3D11|Win32
		{E98E5BF4-02D8-4829-BBF8-0D594ED7923A}.Release-D3D11|Win32.Build.0 = Release-D3D11|Win32
		{E98E5BF4-02D8-4829-BBF8-0D594ED7923A}.Release-D3D11|x64.ActiveCfg = Release-D3D11|x64
		{E98E5BF4-02D8-4829-BBF8-0D594ED7923A}.Release-D3D11|x64.Build.0 = Release-D3D11|x64
		{E98E5BF4-02D8-4829-BBF8-0D594ED7923A}.Release-D3D12|Win32.ActiveCfg = Release-D3D12|Win32
		{E98E5BF4-02D8-4829-BBF8-0D594ED7923A}.Release-D3D12|Win32.Build.0 = Release-D3D12|Win32
		{E98E5BF4-02D8-4829-BBF8-0D594ED7923A}.Release-D3D12|x64.ActiveCfg = Release-D3D12|x64
		{E98E5BF4-02D8-4829-BBF8-0D594ED7923A}.Release-D3D12|x64.Build.0 = Release-D3D12|x64
		{6B33CC18-5A72-4D8A-BFBE-0BDC21891443}.Debug-D3D11|Win32.ActiveCfg = Debug|Win32
		{6B33CC18-5A72-4D8A-BFBE-0BDC21891443}.Debug-D3D11|Win32.Build.0 = Debug|Win32
		{6B33CC18-5A72-4D8A-BFBE-0BDC21891443}.Debug-D3D11|x64.ActiveCfg = Debug|x64
		{6B33CC18-5A72-4D8A-BFBE-0BDC21891443}.Debug-D3D11|x64.Build.0 = Debug|x64
		{6B33CC18-5A72-4D8A-BFBE-0BDC21891443}.Debug-D3D12|Win32.ActiveCfg = Debug|Win32
		{6B33CC18-5A72-4D8A-BFBE-0BDC21891443}.Debug-D3D12|Win32.Build.0 = Debug|Win32
		{6B33CC18-5A72-4D8A-BFBE-0BDC21891443}.Debug-D3D12|x64.ActiveCfg = Debug|x64
		{6B33CC18-5A72-4D8A-BFBE-0BDC21891443}.Debug-D3D12|x64.Build.0 = Debug|x64
		{6B33CC18-5A72-4D8A-BFBE-0BDC21891443}.Release-D3D11|Win32.ActiveCfg = Release|Win32
		{6B33CC18-5A72-4D8A-BFBE-0BDC21891443}.Release-D3D11|Win32.Build.0 = Release|Win32
		{6B33CC18-5A72-4D8A-BFBE-0BDC21891443}.Release-D3D11|x64.ActiveCfg = Release|x64
		{6B33CC18-5A72-4D8A-BFBE-0BDC21891443}.Release-D3D11|x64.Build.0 = Release|x64
		{6B33CC18-5A72-4D8A-BFBE-0BDC21891443}.Release-D3D12|Win32.ActiveCfg = Release|Win32
		{6B33CC18-5A72-4D8A-BFBE-0BDC21891443}.Release-D3D12|Win32.Build.0 = Release|Win32
		{6B33CC18-5A72-4D8A-BFBE-0BDC21891443}.Release-D3D12|x64.ActiveCfg = Release|x64
		{6B33CC18-5A72-4D8A-BFBE-0BDC21891443}.Release-D3D12|x64.Build.0 = Release|x64
	EndGlobalSection
	GlobalSection(SolutionProperties) = preSolution
		HideSolutionNode = FALSE
	EndGlobalSection
	GlobalSection(ExtensibilityGlobals) = postSolution
		SolutionGuid = {BB9FFE08-404D-4AC1-911A-592602D5A835}
	EndGlobalSection
EndGlobal
